// !$*UTF8*$!
{
	archiveVersion = 1;
	classes = {
	};
	objectVersion = 56;
	objects = {

/* Begin PBXBuildFile section */
		1E67336F295141E3001B11E6 /* AppDelegate.swift in Sources */ = {isa = PBXBuildFile; fileRef = 1E67336E295141E3001B11E6 /* AppDelegate.swift */; };
		1E673371295141E3001B11E6 /* SceneDelegate.swift in Sources */ = {isa = PBXBuildFile; fileRef = 1E673370295141E3001B11E6 /* SceneDelegate.swift */; };
		1E673373295141E3001B11E6 /* ViewController.swift in Sources */ = {isa = PBXBuildFile; fileRef = 1E673372295141E3001B11E6 /* ViewController.swift */; };
		1E673376295141E3001B11E6 /* Main.storyboard in Resources */ = {isa = PBXBuildFile; fileRef = 1E673374295141E3001B11E6 /* Main.storyboard */; };
		1E673378295141E4001B11E6 /* Assets.xcassets in Resources */ = {isa = PBXBuildFile; fileRef = 1E673377295141E4001B11E6 /* Assets.xcassets */; };
		1E67337B295141E4001B11E6 /* LaunchScreen.storyboard in Resources */ = {isa = PBXBuildFile; fileRef = 1E673379295141E4001B11E6 /* LaunchScreen.storyboard */; };
		1E67338C2951461D001B11E6 /* LoginController.swift in Sources */ = {isa = PBXBuildFile; fileRef = 1E67338B2951461D001B11E6 /* LoginController.swift */; };
		1E67338E29514A8F001B11E6 /* Extensions.swift in Sources */ = {isa = PBXBuildFile; fileRef = 1E67338D29514A8F001B11E6 /* Extensions.swift */; };
/* End PBXBuildFile section */

/* Begin PBXFileReference section */
		1E67336B295141E3001B11E6 /* App_Login_SignUP_Onboarding.app */ = {isa = PBXFileReference; explicitFileType = wrapper.application; includeInIndex = 0; path = App_Login_SignUP_Onboarding.app; sourceTree = BUILT_PRODUCTS_DIR; };
		1E67336E295141E3001B11E6 /* AppDelegate.swift */ = {isa = PBXFileReference; lastKnownFileType = sourcecode.swift; path = AppDelegate.swift; sourceTree = "<group>"; };
		1E673370295141E3001B11E6 /* SceneDelegate.swift */ = {isa = PBXFileReference; lastKnownFileType = sourcecode.swift; path = SceneDelegate.swift; sourceTree = "<group>"; };
		1E673372295141E3001B11E6 /* ViewController.swift */ = {isa = PBXFileReference; lastKnownFileType = sourcecode.swift; path = ViewController.swift; sourceTree = "<group>"; };
		1E673375295141E3001B11E6 /* Base */ = {isa = PBXFileReference; lastKnownFileType = file.storyboard; name = Base; path = Base.lproj/Main.storyboard; sourceTree = "<group>"; };
		1E673377295141E4001B11E6 /* Assets.xcassets */ = {isa = PBXFileReference; lastKnownFileType = folder.assetcatalog; path = Assets.xcassets; sourceTree = "<group>"; };
		1E67337A295141E4001B11E6 /* Base */ = {isa = PBXFileReference; lastKnownFileType = file.storyboard; name = Base; path = Base.lproj/LaunchScreen.storyboard; sourceTree = "<group>"; };
		1E67337C295141E4001B11E6 /* Info.plist */ = {isa = PBXFileReference; lastKnownFileType = text.plist.xml; path = Info.plist; sourceTree = "<group>"; };
		1E67338B2951461D001B11E6 /* LoginController.swift */ = {isa = PBXFileReference; lastKnownFileType = sourcecode.swift; path = LoginController.swift; sourceTree = "<group>"; };
		1E67338D29514A8F001B11E6 /* Extensions.swift */ = {isa = PBXFileReference; lastKnownFileType = sourcecode.swift; path = Extensions.swift; sourceTree = "<group>"; };
/* End PBXFileReference section */

/* Begin PBXFrameworksBuildPhase section */
		1E673368295141E3001B11E6 /* Frameworks */ = {
			isa = PBXFrameworksBuildPhase;
			buildActionMask = 2147483647;
			files = (
			);
			runOnlyForDeploymentPostprocessing = 0;
		};
/* End PBXFrameworksBuildPhase section */

/* Begin PBXGroup section */
		1E673362295141E3001B11E6 = {
			isa = PBXGroup;
			children = (
				1E67336D295141E3001B11E6 /* App_Login_SignUP_Onboarding */,
				1E67336C295141E3001B11E6 /* Products */,
			);
			sourceTree = "<group>";
		};
		1E67336C295141E3001B11E6 /* Products */ = {
			isa = PBXGroup;
			children = (
				1E67336B295141E3001B11E6 /* App_Login_SignUP_Onboarding.app */,
			);
			name = Products;
			sourceTree = "<group>";
		};
		1E67336D295141E3001B11E6 /* App_Login_SignUP_Onboarding */ = {
			isa = PBXGroup;
			children = (
				1E67338A295145EB001B11E6 /* API */,
				1E673389295145C1001B11E6 /* Model */,
				1E673388295145BE001B11E6 /* ViewModel */,
				1E673387295145BB001B11E6 /* Controller */,
				1E673386295145B9001B11E6 /* View */,
				1E673385295145B5001B11E6 /* Utils */,
				1E67336E295141E3001B11E6 /* AppDelegate.swift */,
				1E673370295141E3001B11E6 /* SceneDelegate.swift */,
				1E673372295141E3001B11E6 /* ViewController.swift */,
				1E673374295141E3001B11E6 /* Main.storyboard */,
				1E673377295141E4001B11E6 /* Assets.xcassets */,
				1E673379295141E4001B11E6 /* LaunchScreen.storyboard */,
				1E67337C295141E4001B11E6 /* Info.plist */,
			);
			path = App_Login_SignUP_Onboarding;
			sourceTree = "<group>";
		};
		1E673385295145B5001B11E6 /* Utils */ = {
			isa = PBXGroup;
			children = (
				1E67338D29514A8F001B11E6 /* Extensions.swift */,
			);
			path = Utils;
			sourceTree = "<group>";
		};
		1E673386295145B9001B11E6 /* View */ = {
			isa = PBXGroup;
			children = (
			);
			path = View;
			sourceTree = "<group>";
		};
		1E673387295145BB001B11E6 /* Controller */ = {
			isa = PBXGroup;
			children = (
				1E67338B2951461D001B11E6 /* LoginController.swift */,
			);
			path = Controller;
			sourceTree = "<group>";
		};
		1E673388295145BE001B11E6 /* ViewModel */ = {
			isa = PBXGroup;
			children = (
			);
			path = ViewModel;
			sourceTree = "<group>";
		};
		1E673389295145C1001B11E6 /* Model */ = {
			isa = PBXGroup;
			children = (
			);
			path = Model;
			sourceTree = "<group>";
		};
		1E67338A295145EB001B11E6 /* API */ = {
			isa = PBXGroup;
			children = (
			);
			path = API;
			sourceTree = "<group>";
		};
/* End PBXGroup section */

/* Begin PBXNativeTarget section */
		1E67336A295141E3001B11E6 /* App_Login_SignUP_Onboarding */ = {
			isa = PBXNativeTarget;
			buildConfigurationList = 1E67337F295141E4001B11E6 /* Build configuration list for PBXNativeTarget "App_Login_SignUP_Onboarding" */;
			buildPhases = (
				1E673367295141E3001B11E6 /* Sources */,
				1E673368295141E3001B11E6 /* Frameworks */,
				1E673369295141E3001B11E6 /* Resources */,
			);
			buildRules = (
			);
			dependencies = (
			);
			name = App_Login_SignUP_Onboarding;
			productName = App_Login_SignUP_Onboarding;
			productReference = 1E67336B295141E3001B11E6 /* App_Login_SignUP_Onboarding.app */;
			productType = "com.apple.product-type.application";
		};
/* End PBXNativeTarget section */

/* Begin PBXProject section */
		1E673363295141E3001B11E6 /* Project object */ = {
			isa = PBXProject;
			attributes = {
				BuildIndependentTargetsInParallel = 1;
				LastSwiftUpdateCheck = 1420;
				LastUpgradeCheck = 1420;
				TargetAttributes = {
					1E67336A295141E3001B11E6 = {
						CreatedOnToolsVersion = 14.2;
					};
				};
			};
			buildConfigurationList = 1E673366295141E3001B11E6 /* Build configuration list for PBXProject "App_Login_SignUP_Onboarding" */;
			compatibilityVersion = "Xcode 14.0";
			developmentRegion = en;
			hasScannedForEncodings = 0;
			knownRegions = (
				en,
				Base,
			);
			mainGroup = 1E673362295141E3001B11E6;
			productRefGroup = 1E67336C295141E3001B11E6 /* Products */;
			projectDirPath = "";
			projectRoot = "";
			targets = (
				1E67336A295141E3001B11E6 /* App_Login_SignUP_Onboarding */,
			);
		};
/* End PBXProject section */

/* Begin PBXResourcesBuildPhase section */
		1E673369295141E3001B11E6 /* Resources */ = {
			isa = PBXResourcesBuildPhase;
			buildActionMask = 2147483647;
			files = (
				1E67337B295141E4001B11E6 /* LaunchScreen.storyboard in Resources */,
				1E673378295141E4001B11E6 /* Assets.xcassets in Resources */,
				1E673376295141E3001B11E6 /* Main.storyboard in Resources */,
			);
			runOnlyForDeploymentPostprocessing = 0;
		};
/* End PBXResourcesBuildPhase section */

/* Begin PBXSourcesBuildPhase section */
		1E673367295141E3001B11E6 /* Sources */ = {
			isa = PBXSourcesBuildPhase;
			buildActionMask = 2147483647;
			files = (
				1E67338E29514A8F001B11E6 /* Extensions.swift in Sources */,
				1E673373295141E3001B11E6 /* ViewController.swift in Sources */,
				1E67338C2951461D001B11E6 /* LoginController.swift in Sources */,
				1E67336F295141E3001B11E6 /* AppDelegate.swift in Sources */,
				1E673371295141E3001B11E6 /* SceneDelegate.swift in Sources */,
			);
			runOnlyForDeploymentPostprocessing = 0;
		};
/* End PBXSourcesBuildPhase section */

/* Begin PBXVariantGroup section */
		1E673374295141E3001B11E6 /* Main.storyboard */ = {
			isa = PBXVariantGroup;
			children = (
				1E673375295141E3001B11E6 /* Base */,
			);
			name = Main.storyboard;
			sourceTree = "<group>";
		};
		1E673379295141E4001B11E6 /* LaunchScreen.storyboard */ = {
			isa = PBXVariantGroup;
			children = (
				1E67337A295141E4001B11E6 /* Base */,
			);
			name = LaunchScreen.storyboard;
			sourceTree = "<group>";
		};
/* End PBXVariantGroup section */

/* Begin XCBuildConfiguration section */
		1E67337D295141E4001B11E6 /* Debug */ = {
			isa = XCBuildConfiguration;
			buildSettings = {
				ALWAYS_SEARCH_USER_PATHS = NO;
				CLANG_ANALYZER_NONNULL = YES;
				CLANG_ANALYZER_NUMBER_OBJECT_CONVERSION = YES_AGGRESSIVE;
				CLANG_CXX_LANGUAGE_STANDARD = "gnu++20";
				CLANG_ENABLE_MODULES = YES;
				CLANG_ENABLE_OBJC_ARC = YES;
				CLANG_ENABLE_OBJC_WEAK = YES;
				CLANG_WARN_BLOCK_CAPTURE_AUTORELEASING = YES;
				CLANG_WARN_BOOL_CONVERSION = YES;
				CLANG_WARN_COMMA = YES;
				CLANG_WARN_CONSTANT_CONVERSION = YES;
				CLANG_WARN_DEPRECATED_OBJC_IMPLEMENTATIONS = YES;
				CLANG_WARN_DIRECT_OBJC_ISA_USAGE = YES_ERROR;
				CLANG_WARN_DOCUMENTATION_COMMENTS = YES;
				CLANG_WARN_EMPTY_BODY = YES;
				CLANG_WARN_ENUM_CONVERSION = YES;
				CLANG_WARN_INFINITE_RECURSION = YES;
				CLANG_WARN_INT_CONVERSION = YES;
				CLANG_WARN_NON_LITERAL_NULL_CONVERSION = YES;
				CLANG_WARN_OBJC_IMPLICIT_RETAIN_SELF = YES;
				CLANG_WARN_OBJC_LITERAL_CONVERSION = YES;
				CLANG_WARN_OBJC_ROOT_CLASS = YES_ERROR;
				CLANG_WARN_QUOTED_INCLUDE_IN_FRAMEWORK_HEADER = YES;
				CLANG_WARN_RANGE_LOOP_ANALYSIS = YES;
				CLANG_WARN_STRICT_PROTOTYPES = YES;
				CLANG_WARN_SUSPICIOUS_MOVE = YES;
				CLANG_WARN_UNGUARDED_AVAILABILITY = YES_AGGRESSIVE;
				CLANG_WARN_UNREACHABLE_CODE = YES;
				CLANG_WARN__DUPLICATE_METHOD_MATCH = YES;
				COPY_PHASE_STRIP = NO;
				DEBUG_INFORMATION_FORMAT = dwarf;
				ENABLE_STRICT_OBJC_MSGSEND = YES;
				ENABLE_TESTABILITY = YES;
				GCC_C_LANGUAGE_STANDARD = gnu11;
				GCC_DYNAMIC_NO_PIC = NO;
				GCC_NO_COMMON_BLOCKS = YES;
				GCC_OPTIMIZATION_LEVEL = 0;
				GCC_PREPROCESSOR_DEFINITIONS = (
					"DEBUG=1",
					"$(inherited)",
				);
				GCC_WARN_64_TO_32_BIT_CONVERSION = YES;
				GCC_WARN_ABOUT_RETURN_TYPE = YES_ERROR;
				GCC_WARN_UNDECLARED_SELECTOR = YES;
				GCC_WARN_UNINITIALIZED_AUTOS = YES_AGGRESSIVE;
				GCC_WARN_UNUSED_FUNCTION = YES;
				GCC_WARN_UNUSED_VARIABLE = YES;
				IPHONEOS_DEPLOYMENT_TARGET = 16.2;
				MTL_ENABLE_DEBUG_INFO = INCLUDE_SOURCE;
				MTL_FAST_MATH = YES;
				ONLY_ACTIVE_ARCH = YES;
				SDKROOT = iphoneos;
				SWIFT_ACTIVE_COMPILATION_CONDITIONS = DEBUG;
				SWIFT_OPTIMIZATION_LEVEL = "-Onone";
			};
			name = Debug;
		};
		1E67337E295141E4001B11E6 /* Release */ = {
			isa = XCBuildConfiguration;
			buildSettings = {
				ALWAYS_SEARCH_USER_PATHS = NO;
				CLANG_ANALYZER_NONNULL = YES;
				CLANG_ANALYZER_NUMBER_OBJECT_CONVERSION = YES_AGGRESSIVE;
				CLANG_CXX_LANGUAGE_STANDARD = "gnu++20";
				CLANG_ENABLE_MODULES = YES;
				CLANG_ENABLE_OBJC_ARC = YES;
				CLANG_ENABLE_OBJC_WEAK = YES;
				CLANG_WARN_BLOCK_CAPTURE_AUTORELEASING = YES;
				CLANG_WARN_BOOL_CONVERSION = YES;
				CLANG_WARN_COMMA = YES;
				CLANG_WARN_CONSTANT_CONVERSION = YES;
				CLANG_WARN_DEPRECATED_OBJC_IMPLEMENTATIONS = YES;
				CLANG_WARN_DIRECT_OBJC_ISA_USAGE = YES_ERROR;
				CLANG_WARN_DOCUMENTATION_COMMENTS = YES;
				CLANG_WARN_EMPTY_BODY = YES;
				CLANG_WARN_ENUM_CONVERSION = YES;
				CLANG_WARN_INFINITE_RECURSION = YES;
				CLANG_WARN_INT_CONVERSION = YES;
				CLANG_WARN_NON_LITERAL_NULL_CONVERSION = YES;
				CLANG_WARN_OBJC_IMPLICIT_RETAIN_SELF = YES;
				CLANG_WARN_OBJC_LITERAL_CONVERSION = YES;
				CLANG_WARN_OBJC_ROOT_CLASS = YES_ERROR;
				CLANG_WARN_QUOTED_INCLUDE_IN_FRAMEWORK_HEADER = YES;
				CLANG_WARN_RANGE_LOOP_ANALYSIS = YES;
				CLANG_WARN_STRICT_PROTOTYPES = YES;
				CLANG_WARN_SUSPICIOUS_MOVE = YES;
				CLANG_WARN_UNGUARDED_AVAILABILITY = YES_AGGRESSIVE;
				CLANG_WARN_UNREACHABLE_CODE = YES;
				CLANG_WARN__DUPLICATE_METHOD_MATCH = YES;
				COPY_PHASE_STRIP = NO;
				DEBUG_INFORMATION_FORMAT = "dwarf-with-dsym";
				ENABLE_NS_ASSERTIONS = NO;
				ENABLE_STRICT_OBJC_MSGSEND = YES;
				GCC_C_LANGUAGE_STANDARD = gnu11;
				GCC_NO_COMMON_BLOCKS = YES;
				GCC_WARN_64_TO_32_BIT_CONVERSION = YES;
				GCC_WARN_ABOUT_RETURN_TYPE = YES_ERROR;
				GCC_WARN_UNDECLARED_SELECTOR = YES;
				GCC_WARN_UNINITIALIZED_AUTOS = YES_AGGRESSIVE;
				GCC_WARN_UNUSED_FUNCTION = YES;
				GCC_WARN_UNUSED_VARIABLE = YES;
				IPHONEOS_DEPLOYMENT_TARGET = 16.2;
				MTL_ENABLE_DEBUG_INFO = NO;
				MTL_FAST_MATH = YES;
				SDKROOT = iphoneos;
				SWIFT_COMPILATION_MODE = wholemodule;
				SWIFT_OPTIMIZATION_LEVEL = "-O";
				VALIDATE_PRODUCT = YES;
			};
			name = Release;
		};
		1E673380295141E4001B11E6 /* Debug */ = {
			isa = XCBuildConfiguration;
			buildSettings = {
				ASSETCATALOG_COMPILER_APPICON_NAME = AppIcon;
				ASSETCATALOG_COMPILER_GLOBAL_ACCENT_COLOR_NAME = AccentColor;
				CODE_SIGN_STYLE = Automatic;
				CURRENT_PROJECT_VERSION = 1;
				DEVELOPMENT_TEAM = 9Y3YYN3XLN;
				GENERATE_INFOPLIST_FILE = YES;
				INFOPLIST_FILE = App_Login_SignUP_Onboarding/Info.plist;
				INFOPLIST_KEY_UIApplicationSupportsIndirectInputEvents = YES;
				INFOPLIST_KEY_UILaunchStoryboardName = LaunchScreen;
				INFOPLIST_KEY_UIMainStoryboardFile = Main;
				INFOPLIST_KEY_UISupportedInterfaceOrientations_iPad = "UIInterfaceOrientationPortrait UIInterfaceOrientationPortraitUpsideDown UIInterfaceOrientationLandscapeLeft UIInterfaceOrientationLandscapeRight";
				INFOPLIST_KEY_UISupportedInterfaceOrientations_iPhone = "UIInterfaceOrientationPortrait UIInterfaceOrientationLandscapeLeft UIInterfaceOrientationLandscapeRight";
				LD_RUNPATH_SEARCH_PATHS = (
					"$(inherited)",
					"@executable_path/Frameworks",
				);
				MARKETING_VERSION = 1.0;
				PRODUCT_BUNDLE_IDENTIFIER = "com.kaique.App-Login-SignUP-Onboarding";
				PRODUCT_NAME = "$(TARGET_NAME)";
				SWIFT_EMIT_LOC_STRINGS = YES;
				SWIFT_VERSION = 5.0;
				TARGETED_DEVICE_FAMILY = "1,2";
			};
			name = Debug;
		};
		1E673381295141E4001B11E6 /* Release */ = {
			isa = XCBuildConfiguration;
			buildSettings = {
				ASSETCATALOG_COMPILER_APPICON_NAME = AppIcon;
				ASSETCATALOG_COMPILER_GLOBAL_ACCENT_COLOR_NAME = AccentColor;
				CODE_SIGN_STYLE = Automatic;
				CURRENT_PROJECT_VERSION = 1;
				DEVELOPMENT_TEAM = 9Y3YYN3XLN;
				GENERATE_INFOPLIST_FILE = YES;
				INFOPLIST_FILE = App_Login_SignUP_Onboarding/Info.plist;
				INFOPLIST_KEY_UIApplicationSupportsIndirectInputEvents = YES;
				INFOPLIST_KEY_UILaunchStoryboardName = LaunchScreen;
				INFOPLIST_KEY_UIMainStoryboardFile = Main;
				INFOPLIST_KEY_UISupportedInterfaceOrientations_iPad = "UIInterfaceOrientationPortrait UIInterfaceOrientationPortraitUpsideDown UIInterfaceOrientationLandscapeLeft UIInterfaceOrientationLandscapeRight";
				INFOPLIST_KEY_UISupportedInterfaceOrientations_iPhone = "UIInterfaceOrientationPortrait UIInterfaceOrientationLandscapeLeft UIInterfaceOrientationLandscapeRight";
				LD_RUNPATH_SEARCH_PATHS = (
					"$(inherited)",
					"@executable_path/Frameworks",
				);
				MARKETING_VERSION = 1.0;
				PRODUCT_BUNDLE_IDENTIFIER = "com.kaique.App-Login-SignUP-Onboarding";
				PRODUCT_NAME = "$(TARGET_NAME)";
				SWIFT_EMIT_LOC_STRINGS = YES;
				SWIFT_VERSION = 5.0;
				TARGETED_DEVICE_FAMILY = "1,2";
			};
			name = Release;
		};
/* End XCBuildConfiguration section */

/* Begin XCConfigurationList section */
		1E673366295141E3001B11E6 /* Build configuration list for PBXProject "App_Login_SignUP_Onboarding" */ = {
			isa = XCConfigurationList;
			buildConfigurations = (
				1E67337D295141E4001B11E6 /* Debug */,
				1E67337E295141E4001B11E6 /* Release */,
			);
			defaultConfigurationIsVisible = 0;
			defaultConfigurationName = Release;
		};
		1E67337F295141E4001B11E6 /* Build configuration list for PBXNativeTarget "App_Login_SignUP_Onboarding" */ = {
			isa = XCConfigurationList;
			buildConfigurations = (
				1E673380295141E4001B11E6 /* Debug */,
				1E673381295141E4001B11E6 /* Release */,
			);
			defaultConfigurationIsVisible = 0;
			defaultConfigurationName = Release;
		};
/* End XCConfigurationList section */
	};
	rootObject = 1E673363295141E3001B11E6 /* Project object */;
}
